// !$*UTF8*$!
{
	archiveVersion = 1;
	classes = {
	};
	objectVersion = 55;
	objects = {

/* Begin PBXBuildFile section */
		E207ED5727D7C4DB0080B88B /* DIContainer.swift in Sources */ = {isa = PBXBuildFile; fileRef = E207ED5627D7C4DB0080B88B /* DIContainer.swift */; };
		E248219127D66A7600CF63FE /* WordSet.swift in Sources */ = {isa = PBXBuildFile; fileRef = E248219027D66A7600CF63FE /* WordSet.swift */; };
		E248219327D66CE500CF63FE /* Word.swift in Sources */ = {isa = PBXBuildFile; fileRef = E248219227D66CE500CF63FE /* Word.swift */; };
		E248219527D66E8D00CF63FE /* ItemProtocol.swift in Sources */ = {isa = PBXBuildFile; fileRef = E248219427D66E8D00CF63FE /* ItemProtocol.swift */; };
		E248219727D6755C00CF63FE /* Folder.swift in Sources */ = {isa = PBXBuildFile; fileRef = E248219627D6755C00CF63FE /* Folder.swift */; };
		E248219D27D6816300CF63FE /* StorageService.swift in Sources */ = {isa = PBXBuildFile; fileRef = E248219C27D6816300CF63FE /* StorageService.swift */; };
		E24821A927D6BB8400CF63FE /* LingwordsTests.swift in Sources */ = {isa = PBXBuildFile; fileRef = E24821A827D6BB8400CF63FE /* LingwordsTests.swift */; };
		E24AA36D27D757FD00CA6523 /* FolderScreenPresenter.swift in Sources */ = {isa = PBXBuildFile; fileRef = E24AA36C27D757FD00CA6523 /* FolderScreenPresenter.swift */; };
		E24AA36F27D7585F00CA6523 /* ItemViewModel.swift in Sources */ = {isa = PBXBuildFile; fileRef = E24AA36E27D7585F00CA6523 /* ItemViewModel.swift */; };
		E24AA37127D7595F00CA6523 /* FolderScreenView.swift in Sources */ = {isa = PBXBuildFile; fileRef = E24AA37027D7595F00CA6523 /* FolderScreenView.swift */; };
		E257346727D61C9A008E53CF /* AppDelegate.swift in Sources */ = {isa = PBXBuildFile; fileRef = E257346627D61C9A008E53CF /* AppDelegate.swift */; };
		E257346927D61C9A008E53CF /* SceneDelegate.swift in Sources */ = {isa = PBXBuildFile; fileRef = E257346827D61C9A008E53CF /* SceneDelegate.swift */; };
		E257347027D61C9B008E53CF /* Assets.xcassets in Resources */ = {isa = PBXBuildFile; fileRef = E257346F27D61C9B008E53CF /* Assets.xcassets */; };
		E257347327D61C9B008E53CF /* LaunchScreen.storyboard in Resources */ = {isa = PBXBuildFile; fileRef = E257347127D61C9B008E53CF /* LaunchScreen.storyboard */; };
		E25854D927E3E89400DB5DD2 /* FolderViewModel.swift in Sources */ = {isa = PBXBuildFile; fileRef = E25854D827E3E89400DB5DD2 /* FolderViewModel.swift */; };
		E272714A27D7722900C2632F /* FolderScreenFactory.swift in Sources */ = {isa = PBXBuildFile; fileRef = E272714927D7722900C2632F /* FolderScreenFactory.swift */; };
		E28D278C27D744C5008771DE /* FolderScreenInteractor.swift in Sources */ = {isa = PBXBuildFile; fileRef = E28D278B27D744C5008771DE /* FolderScreenInteractor.swift */; };
		E2E4CEFD27DD0EFF00AAF042 /* FolderScreenRouter.swift in Sources */ = {isa = PBXBuildFile; fileRef = E2E4CEFC27DD0EFF00AAF042 /* FolderScreenRouter.swift */; };
		E3DE2A82897B2AE859051BFE /* Pods_Lingwords.framework in Frameworks */ = {isa = PBXBuildFile; fileRef = 1AA5407E34F03F2687745006 /* Pods_Lingwords.framework */; };
/* End PBXBuildFile section */

/* Begin PBXContainerItemProxy section */
		E24821AA27D6BB8400CF63FE /* PBXContainerItemProxy */ = {
			isa = PBXContainerItemProxy;
			containerPortal = E257345B27D61C9A008E53CF /* Project object */;
			proxyType = 1;
			remoteGlobalIDString = E257346227D61C9A008E53CF;
			remoteInfo = Lingwords;
		};
/* End PBXContainerItemProxy section */

/* Begin PBXFileReference section */
		1AA5407E34F03F2687745006 /* Pods_Lingwords.framework */ = {isa = PBXFileReference; explicitFileType = wrapper.framework; includeInIndex = 0; path = Pods_Lingwords.framework; sourceTree = BUILT_PRODUCTS_DIR; };
		21282932A41F8D8C43C57F0D /* Pods-Lingwords.release.xcconfig */ = {isa = PBXFileReference; includeInIndex = 1; lastKnownFileType = text.xcconfig; name = "Pods-Lingwords.release.xcconfig"; path = "Target Support Files/Pods-Lingwords/Pods-Lingwords.release.xcconfig"; sourceTree = "<group>"; };
		49A77B68F727DE9C107FC5AD /* Pods-Lingwords.debug.xcconfig */ = {isa = PBXFileReference; includeInIndex = 1; lastKnownFileType = text.xcconfig; name = "Pods-Lingwords.debug.xcconfig"; path = "Target Support Files/Pods-Lingwords/Pods-Lingwords.debug.xcconfig"; sourceTree = "<group>"; };
		E207ED5627D7C4DB0080B88B /* DIContainer.swift */ = {isa = PBXFileReference; lastKnownFileType = sourcecode.swift; path = DIContainer.swift; sourceTree = "<group>"; };
		E248219027D66A7600CF63FE /* WordSet.swift */ = {isa = PBXFileReference; lastKnownFileType = sourcecode.swift; path = WordSet.swift; sourceTree = "<group>"; };
		E248219227D66CE500CF63FE /* Word.swift */ = {isa = PBXFileReference; lastKnownFileType = sourcecode.swift; path = Word.swift; sourceTree = "<group>"; };
		E248219427D66E8D00CF63FE /* ItemProtocol.swift */ = {isa = PBXFileReference; lastKnownFileType = sourcecode.swift; path = ItemProtocol.swift; sourceTree = "<group>"; };
		E248219627D6755C00CF63FE /* Folder.swift */ = {isa = PBXFileReference; lastKnownFileType = sourcecode.swift; path = Folder.swift; sourceTree = "<group>"; };
		E248219C27D6816300CF63FE /* StorageService.swift */ = {isa = PBXFileReference; lastKnownFileType = sourcecode.swift; path = StorageService.swift; sourceTree = "<group>"; };
		E24821A627D6BB8400CF63FE /* LingwordsTests.xctest */ = {isa = PBXFileReference; explicitFileType = wrapper.cfbundle; includeInIndex = 0; path = LingwordsTests.xctest; sourceTree = BUILT_PRODUCTS_DIR; };
		E24821A827D6BB8400CF63FE /* LingwordsTests.swift */ = {isa = PBXFileReference; lastKnownFileType = sourcecode.swift; path = LingwordsTests.swift; sourceTree = "<group>"; };
		E24AA36C27D757FD00CA6523 /* FolderScreenPresenter.swift */ = {isa = PBXFileReference; lastKnownFileType = sourcecode.swift; path = FolderScreenPresenter.swift; sourceTree = "<group>"; };
		E24AA36E27D7585F00CA6523 /* ItemViewModel.swift */ = {isa = PBXFileReference; lastKnownFileType = sourcecode.swift; path = ItemViewModel.swift; sourceTree = "<group>"; };
		E24AA37027D7595F00CA6523 /* FolderScreenView.swift */ = {isa = PBXFileReference; lastKnownFileType = sourcecode.swift; path = FolderScreenView.swift; sourceTree = "<group>"; };
		E257346327D61C9A008E53CF /* Lingwords.app */ = {isa = PBXFileReference; explicitFileType = wrapper.application; includeInIndex = 0; path = Lingwords.app; sourceTree = BUILT_PRODUCTS_DIR; };
		E257346627D61C9A008E53CF /* AppDelegate.swift */ = {isa = PBXFileReference; lastKnownFileType = sourcecode.swift; path = AppDelegate.swift; sourceTree = "<group>"; };
		E257346827D61C9A008E53CF /* SceneDelegate.swift */ = {isa = PBXFileReference; lastKnownFileType = sourcecode.swift; path = SceneDelegate.swift; sourceTree = "<group>"; };
		E257346F27D61C9B008E53CF /* Assets.xcassets */ = {isa = PBXFileReference; lastKnownFileType = folder.assetcatalog; path = Assets.xcassets; sourceTree = "<group>"; };
		E257347227D61C9B008E53CF /* Base */ = {isa = PBXFileReference; lastKnownFileType = file.storyboard; name = Base; path = Base.lproj/LaunchScreen.storyboard; sourceTree = "<group>"; };
		E257347427D61C9B008E53CF /* Info.plist */ = {isa = PBXFileReference; lastKnownFileType = text.plist.xml; path = Info.plist; sourceTree = "<group>"; };
		E25854D827E3E89400DB5DD2 /* FolderViewModel.swift */ = {isa = PBXFileReference; lastKnownFileType = sourcecode.swift; path = FolderViewModel.swift; sourceTree = "<group>"; };
		E272714927D7722900C2632F /* FolderScreenFactory.swift */ = {isa = PBXFileReference; lastKnownFileType = sourcecode.swift; path = FolderScreenFactory.swift; sourceTree = "<group>"; };
		E28D278B27D744C5008771DE /* FolderScreenInteractor.swift */ = {isa = PBXFileReference; lastKnownFileType = sourcecode.swift; path = FolderScreenInteractor.swift; sourceTree = "<group>"; };
		E2E4CEFC27DD0EFF00AAF042 /* FolderScreenRouter.swift */ = {isa = PBXFileReference; lastKnownFileType = sourcecode.swift; path = FolderScreenRouter.swift; sourceTree = "<group>"; };
/* End PBXFileReference section */

/* Begin PBXFrameworksBuildPhase section */
		E24821A327D6BB8400CF63FE /* Frameworks */ = {
			isa = PBXFrameworksBuildPhase;
			buildActionMask = 2147483647;
			files = (
			);
			runOnlyForDeploymentPostprocessing = 0;
		};
		E257346027D61C9A008E53CF /* Frameworks */ = {
			isa = PBXFrameworksBuildPhase;
			buildActionMask = 2147483647;
			files = (
				E3DE2A82897B2AE859051BFE /* Pods_Lingwords.framework in Frameworks */,
			);
			runOnlyForDeploymentPostprocessing = 0;
		};
/* End PBXFrameworksBuildPhase section */

/* Begin PBXGroup section */
		4753D36F12281F621947A031 /* Pods */ = {
			isa = PBXGroup;
			children = (
				49A77B68F727DE9C107FC5AD /* Pods-Lingwords.debug.xcconfig */,
				21282932A41F8D8C43C57F0D /* Pods-Lingwords.release.xcconfig */,
			);
			path = Pods;
			sourceTree = "<group>";
		};
		CE6339AECEB414821F276136 /* Frameworks */ = {
			isa = PBXGroup;
			children = (
				1AA5407E34F03F2687745006 /* Pods_Lingwords.framework */,
			);
			name = Frameworks;
			sourceTree = "<group>";
		};
		E207ED5527D7C0480080B88B /* DependencyInjection */ = {
			isa = PBXGroup;
			children = (
				E207ED5627D7C4DB0080B88B /* DIContainer.swift */,
			);
			path = DependencyInjection;
			sourceTree = "<group>";
		};
		E248218D27D6535D00CF63FE /* Resources */ = {
			isa = PBXGroup;
			children = (
				E257347427D61C9B008E53CF /* Info.plist */,
				E257346F27D61C9B008E53CF /* Assets.xcassets */,
				E257347127D61C9B008E53CF /* LaunchScreen.storyboard */,
			);
			path = Resources;
			sourceTree = "<group>";
		};
		E248218E27D6536A00CF63FE /* AppDelegate */ = {
			isa = PBXGroup;
			children = (
				E257346627D61C9A008E53CF /* AppDelegate.swift */,
				E257346827D61C9A008E53CF /* SceneDelegate.swift */,
			);
			path = AppDelegate;
			sourceTree = "<group>";
		};
		E248218F27D66A6700CF63FE /* Models */ = {
			isa = PBXGroup;
			children = (
				E248219427D66E8D00CF63FE /* ItemProtocol.swift */,
				E248219227D66CE500CF63FE /* Word.swift */,
				E248219027D66A7600CF63FE /* WordSet.swift */,
				E248219627D6755C00CF63FE /* Folder.swift */,
			);
			path = Models;
			sourceTree = "<group>";
		};
		E248219A27D6815300CF63FE /* Services */ = {
			isa = PBXGroup;
			children = (
				E207ED5527D7C0480080B88B /* DependencyInjection */,
				E24821AF27D6CF9300CF63FE /* StorageService */,
			);
			path = Services;
			sourceTree = "<group>";
		};
		E24821A727D6BB8400CF63FE /* LingwordsTests */ = {
			isa = PBXGroup;
			children = (
				E24821A827D6BB8400CF63FE /* LingwordsTests.swift */,
			);
			path = LingwordsTests;
			sourceTree = "<group>";
		};
		E24821AF27D6CF9300CF63FE /* StorageService */ = {
			isa = PBXGroup;
			children = (
				E248219C27D6816300CF63FE /* StorageService.swift */,
				E248218F27D66A6700CF63FE /* Models */,
			);
			path = StorageService;
			sourceTree = "<group>";
		};
		E257345A27D61C9A008E53CF = {
			isa = PBXGroup;
			children = (
				E257346527D61C9A008E53CF /* Lingwords */,
				E24821A727D6BB8400CF63FE /* LingwordsTests */,
				E257346427D61C9A008E53CF /* Products */,
				4753D36F12281F621947A031 /* Pods */,
				CE6339AECEB414821F276136 /* Frameworks */,
			);
			sourceTree = "<group>";
		};
		E257346427D61C9A008E53CF /* Products */ = {
			isa = PBXGroup;
			children = (
				E257346327D61C9A008E53CF /* Lingwords.app */,
				E24821A627D6BB8400CF63FE /* LingwordsTests.xctest */,
			);
			name = Products;
			sourceTree = "<group>";
		};
		E257346527D61C9A008E53CF /* Lingwords */ = {
			isa = PBXGroup;
			children = (
				E28D278927D6ED08008771DE /* Scenes */,
				E248219A27D6815300CF63FE /* Services */,
				E248218E27D6536A00CF63FE /* AppDelegate */,
				E248218D27D6535D00CF63FE /* Resources */,
			);
			path = Lingwords;
			sourceTree = "<group>";
		};
		E25854DA27E3E8A700DB5DD2 /* ViewModels */ = {
			isa = PBXGroup;
			children = (
				E25854D827E3E89400DB5DD2 /* FolderViewModel.swift */,
				E24AA36E27D7585F00CA6523 /* ItemViewModel.swift */,
			);
			path = ViewModels;
			sourceTree = "<group>";
		};
		E28D278927D6ED08008771DE /* Scenes */ = {
			isa = PBXGroup;
			children = (
				E28D278A27D6ED16008771DE /* FolderScreen */,
			);
			path = Scenes;
			sourceTree = "<group>";
		};
		E28D278A27D6ED16008771DE /* FolderScreen */ = {
			isa = PBXGroup;
			children = (
				E25854DA27E3E8A700DB5DD2 /* ViewModels */,
				E24AA37027D7595F00CA6523 /* FolderScreenView.swift */,
				E28D278B27D744C5008771DE /* FolderScreenInteractor.swift */,
				E24AA36C27D757FD00CA6523 /* FolderScreenPresenter.swift */,
				E2E4CEFC27DD0EFF00AAF042 /* FolderScreenRouter.swift */,
				E272714927D7722900C2632F /* FolderScreenFactory.swift */,
			);
			path = FolderScreen;
			sourceTree = "<group>";
		};
/* End PBXGroup section */

/* Begin PBXNativeTarget section */
		E24821A527D6BB8400CF63FE /* LingwordsTests */ = {
			isa = PBXNativeTarget;
			buildConfigurationList = E24821AC27D6BB8400CF63FE /* Build configuration list for PBXNativeTarget "LingwordsTests" */;
			buildPhases = (
				E24821A227D6BB8400CF63FE /* Sources */,
				E24821A327D6BB8400CF63FE /* Frameworks */,
				E24821A427D6BB8400CF63FE /* Resources */,
			);
			buildRules = (
			);
			dependencies = (
				E24821AB27D6BB8400CF63FE /* PBXTargetDependency */,
			);
			name = LingwordsTests;
			productName = LingwordsTests;
			productReference = E24821A627D6BB8400CF63FE /* LingwordsTests.xctest */;
			productType = "com.apple.product-type.bundle.unit-test";
		};
		E257346227D61C9A008E53CF /* Lingwords */ = {
			isa = PBXNativeTarget;
			buildConfigurationList = E257347727D61C9B008E53CF /* Build configuration list for PBXNativeTarget "Lingwords" */;
			buildPhases = (
				F8BD83E40B50474684BE7738 /* [CP] Check Pods Manifest.lock */,
				E24F22A027D6223B00E03449 /* SwiftLint */,
				E257345F27D61C9A008E53CF /* Sources */,
				E257346027D61C9A008E53CF /* Frameworks */,
				E257346127D61C9A008E53CF /* Resources */,
			);
			buildRules = (
			);
			dependencies = (
			);
			name = Lingwords;
			productName = Lingwords;
			productReference = E257346327D61C9A008E53CF /* Lingwords.app */;
			productType = "com.apple.product-type.application";
		};
/* End PBXNativeTarget section */

/* Begin PBXProject section */
		E257345B27D61C9A008E53CF /* Project object */ = {
			isa = PBXProject;
			attributes = {
				BuildIndependentTargetsInParallel = 1;
				LastSwiftUpdateCheck = 1320;
				LastUpgradeCheck = 1320;
				TargetAttributes = {
					E24821A527D6BB8400CF63FE = {
						CreatedOnToolsVersion = 13.2.1;
						TestTargetID = E257346227D61C9A008E53CF;
					};
					E257346227D61C9A008E53CF = {
						CreatedOnToolsVersion = 13.2.1;
					};
				};
			};
			buildConfigurationList = E257345E27D61C9A008E53CF /* Build configuration list for PBXProject "Lingwords" */;
			compatibilityVersion = "Xcode 13.0";
			developmentRegion = en;
			hasScannedForEncodings = 0;
			knownRegions = (
				en,
				Base,
			);
			mainGroup = E257345A27D61C9A008E53CF;
			productRefGroup = E257346427D61C9A008E53CF /* Products */;
			projectDirPath = "";
			projectRoot = "";
			targets = (
				E257346227D61C9A008E53CF /* Lingwords */,
				E24821A527D6BB8400CF63FE /* LingwordsTests */,
			);
		};
/* End PBXProject section */

/* Begin PBXResourcesBuildPhase section */
		E24821A427D6BB8400CF63FE /* Resources */ = {
			isa = PBXResourcesBuildPhase;
			buildActionMask = 2147483647;
			files = (
			);
			runOnlyForDeploymentPostprocessing = 0;
		};
		E257346127D61C9A008E53CF /* Resources */ = {
			isa = PBXResourcesBuildPhase;
			buildActionMask = 2147483647;
			files = (
				E257347327D61C9B008E53CF /* LaunchScreen.storyboard in Resources */,
				E257347027D61C9B008E53CF /* Assets.xcassets in Resources */,
			);
			runOnlyForDeploymentPostprocessing = 0;
		};
/* End PBXResourcesBuildPhase section */

/* Begin PBXShellScriptBuildPhase section */
		E24F22A027D6223B00E03449 /* SwiftLint */ = {
			isa = PBXShellScriptBuildPhase;
			buildActionMask = 2147483647;
			files = (
			);
			inputFileListPaths = (
			);
			inputPaths = (
			);
			name = SwiftLint;
			outputFileListPaths = (
			);
			outputPaths = (
			);
			runOnlyForDeploymentPostprocessing = 0;
			shellPath = /bin/sh;
			shellScript = "if which /opt/homebrew/bin/swiftlint >/dev/null; then\n  /opt/homebrew/bin/swiftlint\nelse\n  echo \"warning: SwiftLint not installed, download from https://github.com/realm/SwiftLint\"\nfi\n";
		};
		F8BD83E40B50474684BE7738 /* [CP] Check Pods Manifest.lock */ = {
			isa = PBXShellScriptBuildPhase;
			buildActionMask = 2147483647;
			files = (
			);
			inputFileListPaths = (
			);
			inputPaths = (
				"${PODS_PODFILE_DIR_PATH}/Podfile.lock",
				"${PODS_ROOT}/Manifest.lock",
			);
			name = "[CP] Check Pods Manifest.lock";
			outputFileListPaths = (
			);
			outputPaths = (
				"$(DERIVED_FILE_DIR)/Pods-Lingwords-checkManifestLockResult.txt",
			);
			runOnlyForDeploymentPostprocessing = 0;
			shellPath = /bin/sh;
			shellScript = "diff \"${PODS_PODFILE_DIR_PATH}/Podfile.lock\" \"${PODS_ROOT}/Manifest.lock\" > /dev/null\nif [ $? != 0 ] ; then\n    # print error to STDERR\n    echo \"error: The sandbox is not in sync with the Podfile.lock. Run 'pod install' or update your CocoaPods installation.\" >&2\n    exit 1\nfi\n# This output is used by Xcode 'outputs' to avoid re-running this script phase.\necho \"SUCCESS\" > \"${SCRIPT_OUTPUT_FILE_0}\"\n";
			showEnvVarsInLog = 0;
		};
/* End PBXShellScriptBuildPhase section */

/* Begin PBXSourcesBuildPhase section */
		E24821A227D6BB8400CF63FE /* Sources */ = {
			isa = PBXSourcesBuildPhase;
			buildActionMask = 2147483647;
			files = (
				E24821A927D6BB8400CF63FE /* LingwordsTests.swift in Sources */,
			);
			runOnlyForDeploymentPostprocessing = 0;
		};
		E257345F27D61C9A008E53CF /* Sources */ = {
			isa = PBXSourcesBuildPhase;
			buildActionMask = 2147483647;
			files = (
				E257346727D61C9A008E53CF /* AppDelegate.swift in Sources */,
				E248219327D66CE500CF63FE /* Word.swift in Sources */,
				E248219527D66E8D00CF63FE /* ItemProtocol.swift in Sources */,
				E24AA36F27D7585F00CA6523 /* ItemViewModel.swift in Sources */,
				E24AA36D27D757FD00CA6523 /* FolderScreenPresenter.swift in Sources */,
				E257346927D61C9A008E53CF /* SceneDelegate.swift in Sources */,
				E25854D927E3E89400DB5DD2 /* FolderViewModel.swift in Sources */,
				E207ED5727D7C4DB0080B88B /* DIContainer.swift in Sources */,
				E24AA37127D7595F00CA6523 /* FolderScreenView.swift in Sources */,
				E248219127D66A7600CF63FE /* WordSet.swift in Sources */,
				E272714A27D7722900C2632F /* FolderScreenFactory.swift in Sources */,
				E248219727D6755C00CF63FE /* Folder.swift in Sources */,
				E28D278C27D744C5008771DE /* FolderScreenInteractor.swift in Sources */,
				E2E4CEFD27DD0EFF00AAF042 /* FolderScreenRouter.swift in Sources */,
				E248219D27D6816300CF63FE /* StorageService.swift in Sources */,
			);
			runOnlyForDeploymentPostprocessing = 0;
		};
/* End PBXSourcesBuildPhase section */

/* Begin PBXTargetDependency section */
		E24821AB27D6BB8400CF63FE /* PBXTargetDependency */ = {
			isa = PBXTargetDependency;
			target = E257346227D61C9A008E53CF /* Lingwords */;
			targetProxy = E24821AA27D6BB8400CF63FE /* PBXContainerItemProxy */;
		};
/* End PBXTargetDependency section */

/* Begin PBXVariantGroup section */
		E257347127D61C9B008E53CF /* LaunchScreen.storyboard */ = {
			isa = PBXVariantGroup;
			children = (
				E257347227D61C9B008E53CF /* Base */,
			);
			name = LaunchScreen.storyboard;
			sourceTree = "<group>";
		};
/* End PBXVariantGroup section */

/* Begin XCBuildConfiguration section */
		E24821AD27D6BB8400CF63FE /* Debug */ = {
			isa = XCBuildConfiguration;
			buildSettings = {
				BUNDLE_LOADER = "$(TEST_HOST)";
				CODE_SIGN_STYLE = Automatic;
				CURRENT_PROJECT_VERSION = 1;
				DEVELOPMENT_TEAM = HCW5LR94BF;
				GENERATE_INFOPLIST_FILE = YES;
				MARKETING_VERSION = 1.0;
				PRODUCT_BUNDLE_IDENTIFIER = com.dkdev.LingwordsTests;
				PRODUCT_NAME = "$(TARGET_NAME)";
				SWIFT_EMIT_LOC_STRINGS = NO;
				SWIFT_VERSION = 5.0;
				TARGETED_DEVICE_FAMILY = "1,2";
				TEST_HOST = "$(BUILT_PRODUCTS_DIR)/Lingwords.app/Lingwords";
			};
			name = Debug;
		};
		E24821AE27D6BB8400CF63FE /* Release */ = {
			isa = XCBuildConfiguration;
			buildSettings = {
				BUNDLE_LOADER = "$(TEST_HOST)";
				CODE_SIGN_STYLE = Automatic;
				CURRENT_PROJECT_VERSION = 1;
				DEVELOPMENT_TEAM = HCW5LR94BF;
				GENERATE_INFOPLIST_FILE = YES;
				MARKETING_VERSION = 1.0;
				PRODUCT_BUNDLE_IDENTIFIER = com.dkdev.LingwordsTests;
				PRODUCT_NAME = "$(TARGET_NAME)";
				SWIFT_EMIT_LOC_STRINGS = NO;
				SWIFT_VERSION = 5.0;
				TARGETED_DEVICE_FAMILY = "1,2";
				TEST_HOST = "$(BUILT_PRODUCTS_DIR)/Lingwords.app/Lingwords";
			};
			name = Release;
		};
		E257347527D61C9B008E53CF /* Debug */ = {
			isa = XCBuildConfiguration;
			buildSettings = {
				ALWAYS_SEARCH_USER_PATHS = NO;
				CLANG_ANALYZER_NONNULL = YES;
				CLANG_ANALYZER_NUMBER_OBJECT_CONVERSION = YES_AGGRESSIVE;
				CLANG_CXX_LANGUAGE_STANDARD = "gnu++17";
				CLANG_CXX_LIBRARY = "libc++";
				CLANG_ENABLE_MODULES = YES;
				CLANG_ENABLE_OBJC_ARC = YES;
				CLANG_ENABLE_OBJC_WEAK = YES;
				CLANG_WARN_BLOCK_CAPTURE_AUTORELEASING = YES;
				CLANG_WARN_BOOL_CONVERSION = YES;
				CLANG_WARN_COMMA = YES;
				CLANG_WARN_CONSTANT_CONVERSION = YES;
				CLANG_WARN_DEPRECATED_OBJC_IMPLEMENTATIONS = YES;
				CLANG_WARN_DIRECT_OBJC_ISA_USAGE = YES_ERROR;
				CLANG_WARN_DOCUMENTATION_COMMENTS = YES;
				CLANG_WARN_EMPTY_BODY = YES;
				CLANG_WARN_ENUM_CONVERSION = YES;
				CLANG_WARN_INFINITE_RECURSION = YES;
				CLANG_WARN_INT_CONVERSION = YES;
				CLANG_WARN_NON_LITERAL_NULL_CONVERSION = YES;
				CLANG_WARN_OBJC_IMPLICIT_RETAIN_SELF = YES;
				CLANG_WARN_OBJC_LITERAL_CONVERSION = YES;
				CLANG_WARN_OBJC_ROOT_CLASS = YES_ERROR;
				CLANG_WARN_QUOTED_INCLUDE_IN_FRAMEWORK_HEADER = YES;
				CLANG_WARN_RANGE_LOOP_ANALYSIS = YES;
				CLANG_WARN_STRICT_PROTOTYPES = YES;
				CLANG_WARN_SUSPICIOUS_MOVE = YES;
				CLANG_WARN_UNGUARDED_AVAILABILITY = YES_AGGRESSIVE;
				CLANG_WARN_UNREACHABLE_CODE = YES;
				CLANG_WARN__DUPLICATE_METHOD_MATCH = YES;
				COPY_PHASE_STRIP = NO;
				DEBUG_INFORMATION_FORMAT = dwarf;
				ENABLE_STRICT_OBJC_MSGSEND = YES;
				ENABLE_TESTABILITY = YES;
				GCC_C_LANGUAGE_STANDARD = gnu11;
				GCC_DYNAMIC_NO_PIC = NO;
				GCC_NO_COMMON_BLOCKS = YES;
				GCC_OPTIMIZATION_LEVEL = 0;
				GCC_PREPROCESSOR_DEFINITIONS = (
					"DEBUG=1",
					"$(inherited)",
				);
				GCC_WARN_64_TO_32_BIT_CONVERSION = YES;
				GCC_WARN_ABOUT_RETURN_TYPE = YES_ERROR;
				GCC_WARN_UNDECLARED_SELECTOR = YES;
				GCC_WARN_UNINITIALIZED_AUTOS = YES_AGGRESSIVE;
				GCC_WARN_UNUSED_FUNCTION = YES;
				GCC_WARN_UNUSED_VARIABLE = YES;
				IPHONEOS_DEPLOYMENT_TARGET = 15.2;
				MTL_ENABLE_DEBUG_INFO = INCLUDE_SOURCE;
				MTL_FAST_MATH = YES;
				ONLY_ACTIVE_ARCH = YES;
				SDKROOT = iphoneos;
				SWIFT_ACTIVE_COMPILATION_CONDITIONS = DEBUG;
				SWIFT_OPTIMIZATION_LEVEL = "-Onone";
			};
			name = Debug;
		};
		E257347627D61C9B008E53CF /* Release */ = {
			isa = XCBuildConfiguration;
			buildSettings = {
				ALWAYS_SEARCH_USER_PATHS = NO;
				CLANG_ANALYZER_NONNULL = YES;
				CLANG_ANALYZER_NUMBER_OBJECT_CONVERSION = YES_AGGRESSIVE;
				CLANG_CXX_LANGUAGE_STANDARD = "gnu++17";
				CLANG_CXX_LIBRARY = "libc++";
				CLANG_ENABLE_MODULES = YES;
				CLANG_ENABLE_OBJC_ARC = YES;
				CLANG_ENABLE_OBJC_WEAK = YES;
				CLANG_WARN_BLOCK_CAPTURE_AUTORELEASING = YES;
				CLANG_WARN_BOOL_CONVERSION = YES;
				CLANG_WARN_COMMA = YES;
				CLANG_WARN_CONSTANT_CONVERSION = YES;
				CLANG_WARN_DEPRECATED_OBJC_IMPLEMENTATIONS = YES;
				CLANG_WARN_DIRECT_OBJC_ISA_USAGE = YES_ERROR;
				CLANG_WARN_DOCUMENTATION_COMMENTS = YES;
				CLANG_WARN_EMPTY_BODY = YES;
				CLANG_WARN_ENUM_CONVERSION = YES;
				CLANG_WARN_INFINITE_RECURSION = YES;
				CLANG_WARN_INT_CONVERSION = YES;
				CLANG_WARN_NON_LITERAL_NULL_CONVERSION = YES;
				CLANG_WARN_OBJC_IMPLICIT_RETAIN_SELF = YES;
				CLANG_WARN_OBJC_LITERAL_CONVERSION = YES;
				CLANG_WARN_OBJC_ROOT_CLASS = YES_ERROR;
				CLANG_WARN_QUOTED_INCLUDE_IN_FRAMEWORK_HEADER = YES;
				CLANG_WARN_RANGE_LOOP_ANALYSIS = YES;
				CLANG_WARN_STRICT_PROTOTYPES = YES;
				CLANG_WARN_SUSPICIOUS_MOVE = YES;
				CLANG_WARN_UNGUARDED_AVAILABILITY = YES_AGGRESSIVE;
				CLANG_WARN_UNREACHABLE_CODE = YES;
				CLANG_WARN__DUPLICATE_METHOD_MATCH = YES;
				COPY_PHASE_STRIP = NO;
				DEBUG_INFORMATION_FORMAT = "dwarf-with-dsym";
				ENABLE_NS_ASSERTIONS = NO;
				ENABLE_STRICT_OBJC_MSGSEND = YES;
				GCC_C_LANGUAGE_STANDARD = gnu11;
				GCC_NO_COMMON_BLOCKS = YES;
				GCC_WARN_64_TO_32_BIT_CONVERSION = YES;
				GCC_WARN_ABOUT_RETURN_TYPE = YES_ERROR;
				GCC_WARN_UNDECLARED_SELECTOR = YES;
				GCC_WARN_UNINITIALIZED_AUTOS = YES_AGGRESSIVE;
				GCC_WARN_UNUSED_FUNCTION = YES;
				GCC_WARN_UNUSED_VARIABLE = YES;
				IPHONEOS_DEPLOYMENT_TARGET = 15.2;
				MTL_ENABLE_DEBUG_INFO = NO;
				MTL_FAST_MATH = YES;
				SDKROOT = iphoneos;
				SWIFT_COMPILATION_MODE = wholemodule;
				SWIFT_OPTIMIZATION_LEVEL = "-O";
				VALIDATE_PRODUCT = YES;
			};
			name = Release;
		};
		E257347827D61C9B008E53CF /* Debug */ = {
			isa = XCBuildConfiguration;
			baseConfigurationReference = 49A77B68F727DE9C107FC5AD /* Pods-Lingwords.debug.xcconfig */;
			buildSettings = {
				ASSETCATALOG_COMPILER_APPICON_NAME = AppIcon;
				ASSETCATALOG_COMPILER_GLOBAL_ACCENT_COLOR_NAME = AccentColor;
				CODE_SIGN_STYLE = Automatic;
				CURRENT_PROJECT_VERSION = 1;
				DEVELOPMENT_TEAM = HCW5LR94BF;
				GENERATE_INFOPLIST_FILE = YES;
				INFOPLIST_FILE = Lingwords/Resources/Info.plist;
				INFOPLIST_KEY_UIApplicationSupportsIndirectInputEvents = YES;
				INFOPLIST_KEY_UILaunchStoryboardName = LaunchScreen;
				INFOPLIST_KEY_UISupportedInterfaceOrientations_iPad = "UIInterfaceOrientationPortrait UIInterfaceOrientationPortraitUpsideDown UIInterfaceOrientationLandscapeLeft UIInterfaceOrientationLandscapeRight";
				INFOPLIST_KEY_UISupportedInterfaceOrientations_iPhone = "UIInterfaceOrientationPortrait UIInterfaceOrientationLandscapeLeft UIInterfaceOrientationLandscapeRight";
				IPHONEOS_DEPLOYMENT_TARGET = 15.0;
				LD_RUNPATH_SEARCH_PATHS = (
					"$(inherited)",
					"@executable_path/Frameworks",
				);
				MARKETING_VERSION = 1.0;
				PRODUCT_BUNDLE_IDENTIFIER = com.dkdev.Lingwords;
				PRODUCT_NAME = "$(TARGET_NAME)";
				SWIFT_EMIT_LOC_STRINGS = YES;
				SWIFT_VERSION = 5.0;
				TARGETED_DEVICE_FAMILY = 1;
			};
			name = Debug;
		};
		E257347927D61C9B008E53CF /* Release */ = {
			isa = XCBuildConfiguration;
			baseConfigurationReference = 21282932A41F8D8C43C57F0D /* Pods-Lingwords.release.xcconfig */;
			buildSettings = {
				ASSETCATALOG_COMPILER_APPICON_NAME = AppIcon;
				ASSETCATALOG_COMPILER_GLOBAL_ACCENT_COLOR_NAME = AccentColor;
				CODE_SIGN_STYLE = Automatic;
				CURRENT_PROJECT_VERSION = 1;
				DEVELOPMENT_TEAM = HCW5LR94BF;
				GENERATE_INFOPLIST_FILE = YES;
				INFOPLIST_FILE = Lingwords/Resources/Info.plist;
				INFOPLIST_KEY_UIApplicationSupportsIndirectInputEvents = YES;
				INFOPLIST_KEY_UILaunchStoryboardName = LaunchScreen;
				INFOPLIST_KEY_UISupportedInterfaceOrientations_iPad = "UIInterfaceOrientationPortrait UIInterfaceOrientationPortraitUpsideDown UIInterfaceOrientationLandscapeLeft UIInterfaceOrientationLandscapeRight";
				INFOPLIST_KEY_UISupportedInterfaceOrientations_iPhone = "UIInterfaceOrientationPortrait UIInterfaceOrientationLandscapeLeft UIInterfaceOrientationLandscapeRight";
				IPHONEOS_DEPLOYMENT_TARGET = 15.0;
				LD_RUNPATH_SEARCH_PATHS = (
					"$(inherited)",
					"@executable_path/Frameworks",
				);
				MARKETING_VERSION = 1.0;
				PRODUCT_BUNDLE_IDENTIFIER = com.dkdev.Lingwords;
				PRODUCT_NAME = "$(TARGET_NAME)";
				SWIFT_EMIT_LOC_STRINGS = YES;
				SWIFT_VERSION = 5.0;
				TARGETED_DEVICE_FAMILY = 1;
			};
			name = Release;
		};
/* End XCBuildConfiguration section */

/* Begin XCConfigurationList section */
		E24821AC27D6BB8400CF63FE /* Build configuration list for PBXNativeTarget "LingwordsTests" */ = {
			isa = XCConfigurationList;
			buildConfigurations = (
				E24821AD27D6BB8400CF63FE /* Debug */,
				E24821AE27D6BB8400CF63FE /* Release */,
			);
			defaultConfigurationIsVisible = 0;
			defaultConfigurationName = Release;
		};
		E257345E27D61C9A008E53CF /* Build configuration list for PBXProject "Lingwords" */ = {
			isa = XCConfigurationList;
			buildConfigurations = (
				E257347527D61C9B008E53CF /* Debug */,
				E257347627D61C9B008E53CF /* Release */,
			);
			defaultConfigurationIsVisible = 0;
			defaultConfigurationName = Release;
		};
		E257347727D61C9B008E53CF /* Build configuration list for PBXNativeTarget "Lingwords" */ = {
			isa = XCConfigurationList;
			buildConfigurations = (
				E257347827D61C9B008E53CF /* Debug */,
				E257347927D61C9B008E53CF /* Release */,
			);
			defaultConfigurationIsVisible = 0;
			defaultConfigurationName = Release;
		};
/* End XCConfigurationList section */
	};
	rootObject = E257345B27D61C9A008E53CF /* Project object */;
}
